
Microsoft Visual Studio Solution File, Format Version 12.00
# Visual Studio 15
Project("{FAE04EC0-301F-11D3-BF4B-00C04F79EFBC}") = "Assembly-CSharp", "Assembly-CSharp.csproj", "{4AE9CB2B-793B-0EE6-5290-E9DA9E2F18CB}"
EndProject
Project("{FAE04EC0-301F-11D3-BF4B-00C04F79EFBC}") = "Assembly-CSharp-Editor", "Assembly-CSharp-Editor.csproj", "{33AB7B07-067C-36A1-7AD5-3D6636901748}"
EndProject
Global
	GlobalSection(SolutionConfigurationPlatforms) = preSolution
		Debug|Any CPU = Debug|Any CPU
		Release|Any CPU = Release|Any CPU
	EndGlobalSection
	GlobalSection(ProjectConfigurationPlatforms) = postSolution
		{4AE9CB2B-793B-0EE6-5290-E9DA9E2F18CB}.Debug|Any CPU.ActiveCfg = Debug|Any CPU
		{4AE9CB2B-793B-0EE6-5290-E9DA9E2F18CB}.Debug|Any CPU.Build.0 = Debug|Any CPU
		{4AE9CB2B-793B-0EE6-5290-E9DA9E2F18CB}.Release|Any CPU.ActiveCfg = Release|Any CPU
		{4AE9CB2B-793B-0EE6-5290-E9DA9E2F18CB}.Release|Any CPU.Build.0 = Release|Any CPU
		{33AB7B07-067C-36A1-7AD5-3D6636901748}.Debug|Any CPU.ActiveCfg = Debug|Any CPU
		{33AB7B07-067C-36A1-7AD5-3D6636901748}.Debug|Any CPU.Build.0 = Debug|Any CPU
		{33AB7B07-067C-36A1-7AD5-3D6636901748}.Release|Any CPU.ActiveCfg = Release|Any CPU
		{33AB7B07-067C-36A1-7AD5-3D6636901748}.Release|Any CPU.Build.0 = Release|Any CPU
	EndGlobalSection
	GlobalSection(SolutionProperties) = preSolution
		HideSolutionNode = FALSE
	EndGlobalSection
EndGlobal
